
Microsoft Visual Studio Solution File, Format Version 12.00
# Visual Studio Version 17
VisualStudioVersion = 17.4.33110.190
MinimumVisualStudioVersion = 10.0.40219.1
Project("{FAE04EC0-301F-11D3-BF4B-00C04F79EFBC}") = "UIFramework", "UIFramework\UIFramework.csproj", "{D25AC339-691F-4A3F-AF20-4E5FC42799CF}"
EndProject
Global
	GlobalSection(SolutionConfigurationPlatforms) = preSolution
		Debug|Any CPU = Debug|Any CPU
		Release|Any CPU = Release|Any CPU
	EndGlobalSection
	GlobalSection(ProjectConfigurationPlatforms) = postSolution
		{D25AC339-691F-4A3F-AF20-4E5FC42799CF}.Debug|Any CPU.ActiveCfg = Debug|Any CPU
		{D25AC339-691F-4A3F-AF20-4E5FC42799CF}.Debug|Any CPU.Build.0 = Debug|Any CPU
		{D25AC339-691F-4A3F-AF20-4E5FC42799CF}.Release|Any CPU.ActiveCfg = Release|Any CPU
		{D25AC339-691F-4A3F-AF20-4E5FC42799CF}.Release|Any CPU.Build.0 = Release|Any CPU
	EndGlobalSection
	GlobalSection(SolutionProperties) = preSolution
		HideSolutionNode = FALSE
	EndGlobalSection
	GlobalSection(ExtensibilityGlobals) = postSolution
		SolutionGuid = {70D59D79-2CE7-4DFF-AC8D-A60C9D334D14}
	EndGlobalSection
EndGlobal
